
Microsoft Visual Studio Solution File, Format Version 12.00
# Visual Studio Version 16
VisualStudioVersion = 16.0.30907.101
MinimumVisualStudioVersion = 10.0.40219.1
Project("{FAE04EC0-301F-11D3-BF4B-00C04F79EFBC}") = "NonogramSolver", "NonogramSolver\NonogramSolver.csproj", "{5F76EC32-37A7-48F0-8B8A-6D51F0F2E849}"
EndProject
Project("{FAE04EC0-301F-11D3-BF4B-00C04F79EFBC}") = "Tests", "Tests\Tests.csproj", "{019E1681-1139-4ED5-A834-8B5EA0F08AE6}"
EndProject
Global
	GlobalSection(SolutionConfigurationPlatforms) = preSolution
		Debug|Any CPU = Debug|Any CPU
		Release|Any CPU = Release|Any CPU
	EndGlobalSection
	GlobalSection(ProjectConfigurationPlatforms) = postSolution
		{5F76EC32-37A7-48F0-8B8A-6D51F0F2E849}.Debug|Any CPU.ActiveCfg = Debug|Any CPU
		{5F76EC32-37A7-48F0-8B8A-6D51F0F2E849}.Debug|Any CPU.Build.0 = Debug|Any CPU
		{5F76EC32-37A7-48F0-8B8A-6D51F0F2E849}.Release|Any CPU.ActiveCfg = Release|Any CPU
		{5F76EC32-37A7-48F0-8B8A-6D51F0F2E849}.Release|Any CPU.Build.0 = Release|Any CPU
		{019E1681-1139-4ED5-A834-8B5EA0F08AE6}.Debug|Any CPU.ActiveCfg = Debug|Any CPU
		{019E1681-1139-4ED5-A834-8B5EA0F08AE6}.Debug|Any CPU.Build.0 = Debug|Any CPU
		{019E1681-1139-4ED5-A834-8B5EA0F08AE6}.Release|Any CPU.ActiveCfg = Release|Any CPU
		{019E1681-1139-4ED5-A834-8B5EA0F08AE6}.Release|Any CPU.Build.0 = Release|Any CPU
	EndGlobalSection
	GlobalSection(SolutionProperties) = preSolution
		HideSolutionNode = FALSE
	EndGlobalSection
	GlobalSection(ExtensibilityGlobals) = postSolution
		SolutionGuid = {45323BCE-690F-4620-933C-08C3A3BE2DDF}
	EndGlobalSection
EndGlobal
